// !$*UTF8*$!
{
	archiveVersion = 1;
	classes = {
	};
	objectVersion = 55;
	objects = {

/* Begin PBXBuildFile section */
		12AF98578E2347BB54BBB2FE /* Pods_Kommunicate_iOS_Embedded_SDK_SampleApp.framework in Frameworks */ = {isa = PBXBuildFile; fileRef = 32DB94D66F31D8B847AE7416 /* Pods_Kommunicate_iOS_Embedded_SDK_SampleApp.framework */; };
		A184C59B28B8D6DB008D7AB0 /* LoginViewController.swift in Sources */ = {isa = PBXBuildFile; fileRef = A184C59A28B8D6DB008D7AB0 /* LoginViewController.swift */; };
		A1EC08ED28B8786B002D6CCD /* AppDelegate.swift in Sources */ = {isa = PBXBuildFile; fileRef = A1EC08EC28B8786B002D6CCD /* AppDelegate.swift */; };
		A1EC08F128B8786B002D6CCD /* ViewController.swift in Sources */ = {isa = PBXBuildFile; fileRef = A1EC08F028B8786B002D6CCD /* ViewController.swift */; };
		A1EC08F428B8786B002D6CCD /* Main.storyboard in Resources */ = {isa = PBXBuildFile; fileRef = A1EC08F228B8786B002D6CCD /* Main.storyboard */; };
		A1EC08F628B87871002D6CCD /* Assets.xcassets in Resources */ = {isa = PBXBuildFile; fileRef = A1EC08F528B87871002D6CCD /* Assets.xcassets */; };
		A1EC08F928B87871002D6CCD /* LaunchScreen.storyboard in Resources */ = {isa = PBXBuildFile; fileRef = A1EC08F728B87871002D6CCD /* LaunchScreen.storyboard */; };
		A1EC090128B88E85002D6CCD /* EmbeddedViewController.swift in Sources */ = {isa = PBXBuildFile; fileRef = A1EC090028B88E85002D6CCD /* EmbeddedViewController.swift */; };
/* End PBXBuildFile section */

/* Begin PBXFileReference section */
		21D60E1B3CE50EB3999A6EC4 /* Pods-Kommunicate-iOS-Embedded-SDK-SampleApp.debug.xcconfig */ = {isa = PBXFileReference; includeInIndex = 1; lastKnownFileType = text.xcconfig; name = "Pods-Kommunicate-iOS-Embedded-SDK-SampleApp.debug.xcconfig"; path = "Target Support Files/Pods-Kommunicate-iOS-Embedded-SDK-SampleApp/Pods-Kommunicate-iOS-Embedded-SDK-SampleApp.debug.xcconfig"; sourceTree = "<group>"; };
		263730414F368D00E71413F6 /* Pods-Kommunicate-iOS-Embedded-SDK-SampleApp.release.xcconfig */ = {isa = PBXFileReference; includeInIndex = 1; lastKnownFileType = text.xcconfig; name = "Pods-Kommunicate-iOS-Embedded-SDK-SampleApp.release.xcconfig"; path = "Target Support Files/Pods-Kommunicate-iOS-Embedded-SDK-SampleApp/Pods-Kommunicate-iOS-Embedded-SDK-SampleApp.release.xcconfig"; sourceTree = "<group>"; };
		32DB94D66F31D8B847AE7416 /* Pods_Kommunicate_iOS_Embedded_SDK_SampleApp.framework */ = {isa = PBXFileReference; explicitFileType = wrapper.framework; includeInIndex = 0; path = Pods_Kommunicate_iOS_Embedded_SDK_SampleApp.framework; sourceTree = BUILT_PRODUCTS_DIR; };
		A184C59A28B8D6DB008D7AB0 /* LoginViewController.swift */ = {isa = PBXFileReference; lastKnownFileType = sourcecode.swift; path = LoginViewController.swift; sourceTree = "<group>"; };
		A1EC08E928B8786B002D6CCD /* Kommunicate-iOS-Embedded-SDK-SampleApp.app */ = {isa = PBXFileReference; explicitFileType = wrapper.application; includeInIndex = 0; path = "Kommunicate-iOS-Embedded-SDK-SampleApp.app"; sourceTree = BUILT_PRODUCTS_DIR; };
		A1EC08EC28B8786B002D6CCD /* AppDelegate.swift */ = {isa = PBXFileReference; lastKnownFileType = sourcecode.swift; path = AppDelegate.swift; sourceTree = "<group>"; };
		A1EC08F028B8786B002D6CCD /* ViewController.swift */ = {isa = PBXFileReference; lastKnownFileType = sourcecode.swift; path = ViewController.swift; sourceTree = "<group>"; };
		A1EC08F328B8786B002D6CCD /* Base */ = {isa = PBXFileReference; lastKnownFileType = file.storyboard; name = Base; path = Base.lproj/Main.storyboard; sourceTree = "<group>"; };
		A1EC08F528B87871002D6CCD /* Assets.xcassets */ = {isa = PBXFileReference; lastKnownFileType = folder.assetcatalog; path = Assets.xcassets; sourceTree = "<group>"; };
		A1EC08F828B87871002D6CCD /* Base */ = {isa = PBXFileReference; lastKnownFileType = file.storyboard; name = Base; path = Base.lproj/LaunchScreen.storyboard; sourceTree = "<group>"; };
		A1EC08FA28B87871002D6CCD /* Info.plist */ = {isa = PBXFileReference; lastKnownFileType = text.plist.xml; path = Info.plist; sourceTree = "<group>"; };
		A1EC090028B88E85002D6CCD /* EmbeddedViewController.swift */ = {isa = PBXFileReference; lastKnownFileType = sourcecode.swift; path = EmbeddedViewController.swift; sourceTree = "<group>"; };
/* End PBXFileReference section */

/* Begin PBXFrameworksBuildPhase section */
		A1EC08E628B8786B002D6CCD /* Frameworks */ = {
			isa = PBXFrameworksBuildPhase;
			buildActionMask = 2147483647;
			files = (
				12AF98578E2347BB54BBB2FE /* Pods_Kommunicate_iOS_Embedded_SDK_SampleApp.framework in Frameworks */,
			);
			runOnlyForDeploymentPostprocessing = 0;
		};
/* End PBXFrameworksBuildPhase section */

/* Begin PBXGroup section */
		A1EC08E028B8786A002D6CCD = {
			isa = PBXGroup;
			children = (
				A1EC08EB28B8786B002D6CCD /* Kommunicate-iOS-Embedded-SDK-SampleApp */,
				A1EC08EA28B8786B002D6CCD /* Products */,
				F32F5FC2F420BBC02DAF60EF /* Pods */,
				EBE2FFB59F9846994C7B1B1D /* Frameworks */,
			);
			sourceTree = "<group>";
		};
		A1EC08EA28B8786B002D6CCD /* Products */ = {
			isa = PBXGroup;
			children = (
				A1EC08E928B8786B002D6CCD /* Kommunicate-iOS-Embedded-SDK-SampleApp.app */,
			);
			name = Products;
			sourceTree = "<group>";
		};
		A1EC08EB28B8786B002D6CCD /* Kommunicate-iOS-Embedded-SDK-SampleApp */ = {
			isa = PBXGroup;
			children = (
				A1EC08EC28B8786B002D6CCD /* AppDelegate.swift */,
				A1EC08F028B8786B002D6CCD /* ViewController.swift */,
				A1EC08F228B8786B002D6CCD /* Main.storyboard */,
				A1EC08F528B87871002D6CCD /* Assets.xcassets */,
				A1EC08F728B87871002D6CCD /* LaunchScreen.storyboard */,
				A1EC08FA28B87871002D6CCD /* Info.plist */,
				A1EC090028B88E85002D6CCD /* EmbeddedViewController.swift */,
				A184C59A28B8D6DB008D7AB0 /* LoginViewController.swift */,
			);
			path = "Kommunicate-iOS-Embedded-SDK-SampleApp";
			sourceTree = "<group>";
		};
		EBE2FFB59F9846994C7B1B1D /* Frameworks */ = {
			isa = PBXGroup;
			children = (
				32DB94D66F31D8B847AE7416 /* Pods_Kommunicate_iOS_Embedded_SDK_SampleApp.framework */,
			);
			name = Frameworks;
			sourceTree = "<group>";
		};
		F32F5FC2F420BBC02DAF60EF /* Pods */ = {
			isa = PBXGroup;
			children = (
				21D60E1B3CE50EB3999A6EC4 /* Pods-Kommunicate-iOS-Embedded-SDK-SampleApp.debug.xcconfig */,
				263730414F368D00E71413F6 /* Pods-Kommunicate-iOS-Embedded-SDK-SampleApp.release.xcconfig */,
			);
			path = Pods;
			sourceTree = "<group>";
		};
/* End PBXGroup section */

/* Begin PBXNativeTarget section */
		A1EC08E828B8786B002D6CCD /* Kommunicate-iOS-Embedded-SDK-SampleApp */ = {
			isa = PBXNativeTarget;
			buildConfigurationList = A1EC08FD28B87871002D6CCD /* Build configuration list for PBXNativeTarget "Kommunicate-iOS-Embedded-SDK-SampleApp" */;
			buildPhases = (
				D9B211ED4FA6C19173CD1A2F /* [CP] Check Pods Manifest.lock */,
				A1EC08E528B8786B002D6CCD /* Sources */,
				A1EC08E628B8786B002D6CCD /* Frameworks */,
				A1EC08E728B8786B002D6CCD /* Resources */,
				D894E73A57D7E49E7A552AF9 /* [CP] Embed Pods Frameworks */,
			);
			buildRules = (
			);
			dependencies = (
			);
			name = "Kommunicate-iOS-Embedded-SDK-SampleApp";
			productName = "Kommunicate-iOS-Embedded-SDK-SampleApp";
			productReference = A1EC08E928B8786B002D6CCD /* Kommunicate-iOS-Embedded-SDK-SampleApp.app */;
			productType = "com.apple.product-type.application";
		};
/* End PBXNativeTarget section */

/* Begin PBXProject section */
		A1EC08E128B8786A002D6CCD /* Project object */ = {
			isa = PBXProject;
			attributes = {
				BuildIndependentTargetsInParallel = 1;
				LastSwiftUpdateCheck = 1320;
				LastUpgradeCheck = 1320;
				TargetAttributes = {
					A1EC08E828B8786B002D6CCD = {
						CreatedOnToolsVersion = 13.2.1;
					};
				};
			};
			buildConfigurationList = A1EC08E428B8786B002D6CCD /* Build configuration list for PBXProject "Kommunicate-iOS-Embedded-SDK-SampleApp" */;
			compatibilityVersion = "Xcode 13.0";
			developmentRegion = en;
			hasScannedForEncodings = 0;
			knownRegions = (
				en,
				Base,
			);
			mainGroup = A1EC08E028B8786A002D6CCD;
			productRefGroup = A1EC08EA28B8786B002D6CCD /* Products */;
			projectDirPath = "";
			projectRoot = "";
			targets = (
				A1EC08E828B8786B002D6CCD /* Kommunicate-iOS-Embedded-SDK-SampleApp */,
			);
		};
/* End PBXProject section */

/* Begin PBXResourcesBuildPhase section */
		A1EC08E728B8786B002D6CCD /* Resources */ = {
			isa = PBXResourcesBuildPhase;
			buildActionMask = 2147483647;
			files = (
				A1EC08F928B87871002D6CCD /* LaunchScreen.storyboard in Resources */,
				A1EC08F628B87871002D6CCD /* Assets.xcassets in Resources */,
				A1EC08F428B8786B002D6CCD /* Main.storyboard in Resources */,
			);
			runOnlyForDeploymentPostprocessing = 0;
		};
/* End PBXResourcesBuildPhase section */

/* Begin PBXShellScriptBuildPhase section */
		D894E73A57D7E49E7A552AF9 /* [CP] Embed Pods Frameworks */ = {
			isa = PBXShellScriptBuildPhase;
			buildActionMask = 2147483647;
			files = (
			);
			inputFileListPaths = (
				"${PODS_ROOT}/Target Support Files/Pods-Kommunicate-iOS-Embedded-SDK-SampleApp/Pods-Kommunicate-iOS-Embedded-SDK-SampleApp-frameworks-${CONFIGURATION}-input-files.xcfilelist",
			);
			name = "[CP] Embed Pods Frameworks";
			outputFileListPaths = (
				"${PODS_ROOT}/Target Support Files/Pods-Kommunicate-iOS-Embedded-SDK-SampleApp/Pods-Kommunicate-iOS-Embedded-SDK-SampleApp-frameworks-${CONFIGURATION}-output-files.xcfilelist",
			);
			runOnlyForDeploymentPostprocessing = 0;
			shellPath = /bin/sh;
			shellScript = "\"${PODS_ROOT}/Target Support Files/Pods-Kommunicate-iOS-Embedded-SDK-SampleApp/Pods-Kommunicate-iOS-Embedded-SDK-SampleApp-frameworks.sh\"\n";
			showEnvVarsInLog = 0;
		};
		D9B211ED4FA6C19173CD1A2F /* [CP] Check Pods Manifest.lock */ = {
			isa = PBXShellScriptBuildPhase;
			buildActionMask = 2147483647;
			files = (
			);
			inputFileListPaths = (
			);
			inputPaths = (
				"${PODS_PODFILE_DIR_PATH}/Podfile.lock",
				"${PODS_ROOT}/Manifest.lock",
			);
			name = "[CP] Check Pods Manifest.lock";
			outputFileListPaths = (
			);
			outputPaths = (
				"$(DERIVED_FILE_DIR)/Pods-Kommunicate-iOS-Embedded-SDK-SampleApp-checkManifestLockResult.txt",
			);
			runOnlyForDeploymentPostprocessing = 0;
			shellPath = /bin/sh;
			shellScript = "diff \"${PODS_PODFILE_DIR_PATH}/Podfile.lock\" \"${PODS_ROOT}/Manifest.lock\" > /dev/null\nif [ $? != 0 ] ; then\n    # print error to STDERR\n    echo \"error: The sandbox is not in sync with the Podfile.lock. Run 'pod install' or update your CocoaPods installation.\" >&2\n    exit 1\nfi\n# This output is used by Xcode 'outputs' to avoid re-running this script phase.\necho \"SUCCESS\" > \"${SCRIPT_OUTPUT_FILE_0}\"\n";
			showEnvVarsInLog = 0;
		};
/* End PBXShellScriptBuildPhase section */

/* Begin PBXSourcesBuildPhase section */
		A1EC08E528B8786B002D6CCD /* Sources */ = {
			isa = PBXSourcesBuildPhase;
			buildActionMask = 2147483647;
			files = (
				A1EC090128B88E85002D6CCD /* EmbeddedViewController.swift in Sources */,
				A1EC08F128B8786B002D6CCD /* ViewController.swift in Sources */,
				A1EC08ED28B8786B002D6CCD /* AppDelegate.swift in Sources */,
				A184C59B28B8D6DB008D7AB0 /* LoginViewController.swift in Sources */,
			);
			runOnlyForDeploymentPostprocessing = 0;
		};
/* End PBXSourcesBuildPhase section */

/* Begin PBXVariantGroup section */
		A1EC08F228B8786B002D6CCD /* Main.storyboard */ = {
			isa = PBXVariantGroup;
			children = (
				A1EC08F328B8786B002D6CCD /* Base */,
			);
			name = Main.storyboard;
			sourceTree = "<group>";
		};
		A1EC08F728B87871002D6CCD /* LaunchScreen.storyboard */ = {
			isa = PBXVariantGroup;
			children = (
				A1EC08F828B87871002D6CCD /* Base */,
			);
			name = LaunchScreen.storyboard;
			sourceTree = "<group>";
		};
/* End PBXVariantGroup section */

/* Begin XCBuildConfiguration section */
		A1EC08FB28B87871002D6CCD /* Debug */ = {
			isa = XCBuildConfiguration;
			buildSettings = {
				ALWAYS_SEARCH_USER_PATHS = NO;
				CLANG_ANALYZER_NONNULL = YES;
				CLANG_ANALYZER_NUMBER_OBJECT_CONVERSION = YES_AGGRESSIVE;
				CLANG_CXX_LANGUAGE_STANDARD = "gnu++17";
				CLANG_CXX_LIBRARY = "libc++";
				CLANG_ENABLE_MODULES = YES;
				CLANG_ENABLE_OBJC_ARC = YES;
				CLANG_ENABLE_OBJC_WEAK = YES;
				CLANG_WARN_BLOCK_CAPTURE_AUTORELEASING = YES;
				CLANG_WARN_BOOL_CONVERSION = YES;
				CLANG_WARN_COMMA = YES;
				CLANG_WARN_CONSTANT_CONVERSION = YES;
				CLANG_WARN_DEPRECATED_OBJC_IMPLEMENTATIONS = YES;
				CLANG_WARN_DIRECT_OBJC_ISA_USAGE = YES_ERROR;
				CLANG_WARN_DOCUMENTATION_COMMENTS = YES;
				CLANG_WARN_EMPTY_BODY = YES;
				CLANG_WARN_ENUM_CONVERSION = YES;
				CLANG_WARN_INFINITE_RECURSION = YES;
				CLANG_WARN_INT_CONVERSION = YES;
				CLANG_WARN_NON_LITERAL_NULL_CONVERSION = YES;
				CLANG_WARN_OBJC_IMPLICIT_RETAIN_SELF = YES;
				CLANG_WARN_OBJC_LITERAL_CONVERSION = YES;
				CLANG_WARN_OBJC_ROOT_CLASS = YES_ERROR;
				CLANG_WARN_QUOTED_INCLUDE_IN_FRAMEWORK_HEADER = YES;
				CLANG_WARN_RANGE_LOOP_ANALYSIS = YES;
				CLANG_WARN_STRICT_PROTOTYPES = YES;
				CLANG_WARN_SUSPICIOUS_MOVE = YES;
				CLANG_WARN_UNGUARDED_AVAILABILITY = YES_AGGRESSIVE;
				CLANG_WARN_UNREACHABLE_CODE = YES;
				CLANG_WARN__DUPLICATE_METHOD_MATCH = YES;
				COPY_PHASE_STRIP = NO;
				DEBUG_INFORMATION_FORMAT = dwarf;
				ENABLE_STRICT_OBJC_MSGSEND = YES;
				ENABLE_TESTABILITY = YES;
				GCC_C_LANGUAGE_STANDARD = gnu11;
				GCC_DYNAMIC_NO_PIC = NO;
				GCC_NO_COMMON_BLOCKS = YES;
				GCC_OPTIMIZATION_LEVEL = 0;
				GCC_PREPROCESSOR_DEFINITIONS = (
					"DEBUG=1",
					"$(inherited)",
				);
				GCC_WARN_64_TO_32_BIT_CONVERSION = YES;
				GCC_WARN_ABOUT_RETURN_TYPE = YES_ERROR;
				GCC_WARN_UNDECLARED_SELECTOR = YES;
				GCC_WARN_UNINITIALIZED_AUTOS = YES_AGGRESSIVE;
				GCC_WARN_UNUSED_FUNCTION = YES;
				GCC_WARN_UNUSED_VARIABLE = YES;
				IPHONEOS_DEPLOYMENT_TARGET = 15.2;
				MTL_ENABLE_DEBUG_INFO = INCLUDE_SOURCE;
				MTL_FAST_MATH = YES;
				ONLY_ACTIVE_ARCH = YES;
				SDKROOT = iphoneos;
				SWIFT_ACTIVE_COMPILATION_CONDITIONS = DEBUG;
				SWIFT_OPTIMIZATION_LEVEL = "-Onone";
			};
			name = Debug;
		};
		A1EC08FC28B87871002D6CCD /* Release */ = {
			isa = XCBuildConfiguration;
			buildSettings = {
				ALWAYS_SEARCH_USER_PATHS = NO;
				CLANG_ANALYZER_NONNULL = YES;
				CLANG_ANALYZER_NUMBER_OBJECT_CONVERSION = YES_AGGRESSIVE;
				CLANG_CXX_LANGUAGE_STANDARD = "gnu++17";
				CLANG_CXX_LIBRARY = "libc++";
				CLANG_ENABLE_MODULES = YES;
				CLANG_ENABLE_OBJC_ARC = YES;
				CLANG_ENABLE_OBJC_WEAK = YES;
				CLANG_WARN_BLOCK_CAPTURE_AUTORELEASING = YES;
				CLANG_WARN_BOOL_CONVERSION = YES;
				CLANG_WARN_COMMA = YES;
				CLANG_WARN_CONSTANT_CONVERSION = YES;
				CLANG_WARN_DEPRECATED_OBJC_IMPLEMENTATIONS = YES;
				CLANG_WARN_DIRECT_OBJC_ISA_USAGE = YES_ERROR;
				CLANG_WARN_DOCUMENTATION_COMMENTS = YES;
				CLANG_WARN_EMPTY_BODY = YES;
				CLANG_WARN_ENUM_CONVERSION = YES;
				CLANG_WARN_INFINITE_RECURSION = YES;
				CLANG_WARN_INT_CONVERSION = YES;
				CLANG_WARN_NON_LITERAL_NULL_CONVERSION = YES;
				CLANG_WARN_OBJC_IMPLICIT_RETAIN_SELF = YES;
				CLANG_WARN_OBJC_LITERAL_CONVERSION = YES;
				CLANG_WARN_OBJC_ROOT_CLASS = YES_ERROR;
				CLANG_WARN_QUOTED_INCLUDE_IN_FRAMEWORK_HEADER = YES;
				CLANG_WARN_RANGE_LOOP_ANALYSIS = YES;
				CLANG_WARN_STRICT_PROTOTYPES = YES;
				CLANG_WARN_SUSPICIOUS_MOVE = YES;
				CLANG_WARN_UNGUARDED_AVAILABILITY = YES_AGGRESSIVE;
				CLANG_WARN_UNREACHABLE_CODE = YES;
				CLANG_WARN__DUPLICATE_METHOD_MATCH = YES;
				COPY_PHASE_STRIP = NO;
				DEBUG_INFORMATION_FORMAT = "dwarf-with-dsym";
				ENABLE_NS_ASSERTIONS = NO;
				ENABLE_STRICT_OBJC_MSGSEND = YES;
				GCC_C_LANGUAGE_STANDARD = gnu11;
				GCC_NO_COMMON_BLOCKS = YES;
				GCC_WARN_64_TO_32_BIT_CONVERSION = YES;
				GCC_WARN_ABOUT_RETURN_TYPE = YES_ERROR;
				GCC_WARN_UNDECLARED_SELECTOR = YES;
				GCC_WARN_UNINITIALIZED_AUTOS = YES_AGGRESSIVE;
				GCC_WARN_UNUSED_FUNCTION = YES;
				GCC_WARN_UNUSED_VARIABLE = YES;
				IPHONEOS_DEPLOYMENT_TARGET = 15.2;
				MTL_ENABLE_DEBUG_INFO = NO;
				MTL_FAST_MATH = YES;
				SDKROOT = iphoneos;
				SWIFT_COMPILATION_MODE = wholemodule;
				SWIFT_OPTIMIZATION_LEVEL = "-O";
				VALIDATE_PRODUCT = YES;
			};
			name = Release;
		};
		A1EC08FE28B87871002D6CCD /* Debug */ = {
			isa = XCBuildConfiguration;
			baseConfigurationReference = 21D60E1B3CE50EB3999A6EC4 /* Pods-Kommunicate-iOS-Embedded-SDK-SampleApp.debug.xcconfig */;
			buildSettings = {
				ASSETCATALOG_COMPILER_APPICON_NAME = AppIcon;
				ASSETCATALOG_COMPILER_GLOBAL_ACCENT_COLOR_NAME = AccentColor;
				CODE_SIGN_STYLE = Automatic;
				CURRENT_PROJECT_VERSION = 1;
				DEVELOPMENT_TEAM = 932BY3Q6F7;
				GENERATE_INFOPLIST_FILE = YES;
				INFOPLIST_FILE = "Kommunicate-iOS-Embedded-SDK-SampleApp/Info.plist";
				INFOPLIST_KEY_UIApplicationSupportsIndirectInputEvents = YES;
				INFOPLIST_KEY_UILaunchStoryboardName = LaunchScreen;
				INFOPLIST_KEY_UIMainStoryboardFile = Main;
				INFOPLIST_KEY_UISupportedInterfaceOrientations = UIInterfaceOrientationPortrait;
				INFOPLIST_KEY_UISupportedInterfaceOrientations_iPad = "UIInterfaceOrientationPortrait UIInterfaceOrientationPortraitUpsideDown UIInterfaceOrientationLandscapeLeft UIInterfaceOrientationLandscapeRight";
				INFOPLIST_KEY_UISupportedInterfaceOrientations_iPhone = "UIInterfaceOrientationPortrait UIInterfaceOrientationLandscapeLeft UIInterfaceOrientationLandscapeRight";
				LD_RUNPATH_SEARCH_PATHS = (
					"$(inherited)",
					"@executable_path/Frameworks",
				);
				MARKETING_VERSION = 1.0;
				PRODUCT_BUNDLE_IDENTIFIER = "com.Kommunicate-iOS-Embedded-SDK-SampleApp";
				PRODUCT_NAME = "$(TARGET_NAME)";
				SWIFT_EMIT_LOC_STRINGS = YES;
				SWIFT_VERSION = 5.0;
				TARGETED_DEVICE_FAMILY = "1,2";
			};
			name = Debug;
		};
		A1EC08FF28B87871002D6CCD /* Release */ = {
			isa = XCBuildConfiguration;
			baseConfigurationReference = 263730414F368D00E71413F6 /* Pods-Kommunicate-iOS-Embedded-SDK-SampleApp.release.xcconfig */;
			buildSettings = {
				ASSETCATALOG_COMPILER_APPICON_NAME = AppIcon;
				ASSETCATALOG_COMPILER_GLOBAL_ACCENT_COLOR_NAME = AccentColor;
				CODE_SIGN_STYLE = Automatic;
				CURRENT_PROJECT_VERSION = 1;
				DEVELOPMENT_TEAM = 932BY3Q6F7;
				GENERATE_INFOPLIST_FILE = YES;
				INFOPLIST_FILE = "Kommunicate-iOS-Embedded-SDK-SampleApp/Info.plist";
				INFOPLIST_KEY_UIApplicationSupportsIndirectInputEvents = YES;
				INFOPLIST_KEY_UILaunchStoryboardName = LaunchScreen;
				INFOPLIST_KEY_UIMainStoryboardFile = Main;
				INFOPLIST_KEY_UISupportedInterfaceOrientations = UIInterfaceOrientationPortrait;
				INFOPLIST_KEY_UISupportedInterfaceOrientations_iPad = "UIInterfaceOrientationPortrait UIInterfaceOrientationPortraitUpsideDown UIInterfaceOrientationLandscapeLeft UIInterfaceOrientationLandscapeRight";
				INFOPLIST_KEY_UISupportedInterfaceOrientations_iPhone = "UIInterfaceOrientationPortrait UIInterfaceOrientationLandscapeLeft UIInterfaceOrientationLandscapeRight";
				LD_RUNPATH_SEARCH_PATHS = (
					"$(inherited)",
					"@executable_path/Frameworks",
				);
				MARKETING_VERSION = 1.0;
				PRODUCT_BUNDLE_IDENTIFIER = "com.Kommunicate-iOS-Embedded-SDK-SampleApp";
				PRODUCT_NAME = "$(TARGET_NAME)";
				SWIFT_EMIT_LOC_STRINGS = YES;
				SWIFT_VERSION = 5.0;
				TARGETED_DEVICE_FAMILY = "1,2";
			};
			name = Release;
		};
/* End XCBuildConfiguration section */

/* Begin XCConfigurationList section */
		A1EC08E428B8786B002D6CCD /* Build configuration list for PBXProject "Kommunicate-iOS-Embedded-SDK-SampleApp" */ = {
			isa = XCConfigurationList;
			buildConfigurations = (
				A1EC08FB28B87871002D6CCD /* Debug */,
				A1EC08FC28B87871002D6CCD /* Release */,
			);
			defaultConfigurationIsVisible = 0;
			defaultConfigurationName = Release;
		};
		A1EC08FD28B87871002D6CCD /* Build configuration list for PBXNativeTarget "Kommunicate-iOS-Embedded-SDK-SampleApp" */ = {
			isa = XCConfigurationList;
			buildConfigurations = (
				A1EC08FE28B87871002D6CCD /* Debug */,
				A1EC08FF28B87871002D6CCD /* Release */,
			);
			defaultConfigurationIsVisible = 0;
			defaultConfigurationName = Release;
		};
/* End XCConfigurationList section */
	};
	rootObject = A1EC08E128B8786A002D6CCD /* Project object */;
}
